
Microsoft Visual Studio Solution File, Format Version 12.00
# Visual Studio 14
VisualStudioVersion = 14.0.25420.1
MinimumVisualStudioVersion = 10.0.40219.1
Project("{FAE04EC0-301F-11D3-BF4B-00C04F79EFBC}") = "pc_temp_monitor", "pc_temp_monitor\pc_temp_monitor.csproj", "{40FDBE4A-1E5C-4CE7-A178-35DB33E1BC17}"
EndProject
Global
	GlobalSection(SolutionConfigurationPlatforms) = preSolution
		Debug|Any CPU = Debug|Any CPU
		Release|Any CPU = Release|Any CPU
	EndGlobalSection
	GlobalSection(ProjectConfigurationPlatforms) = postSolution
		{40FDBE4A-1E5C-4CE7-A178-35DB33E1BC17}.Debug|Any CPU.ActiveCfg = Release|Any CPU
		{40FDBE4A-1E5C-4CE7-A178-35DB33E1BC17}.Debug|Any CPU.Build.0 = Release|Any CPU
		{40FDBE4A-1E5C-4CE7-A178-35DB33E1BC17}.Release|Any CPU.ActiveCfg = Release|Any CPU
		{40FDBE4A-1E5C-4CE7-A178-35DB33E1BC17}.Release|Any CPU.Build.0 = Release|Any CPU
	EndGlobalSection
	GlobalSection(SolutionProperties) = preSolution
		HideSolutionNode = FALSE
	EndGlobalSection
EndGlobal
